// !$*UTF8*$!
{
	archiveVersion = 1;
	classes = {
	};
	objectVersion = 46;
	objects = {

/* Begin PBXBuildFile section */
		BC97A535178F2BBE0002254A /* autocell2.cpp in Sources */ = {isa = PBXBuildFile; fileRef = BC97A4FD178F2BBE0002254A /* autocell2.cpp */; };
		BC97A536178F2BBE0002254A /* cellnetlst.cpp in Sources */ = {isa = PBXBuildFile; fileRef = BC97A4FF178F2BBE0002254A /* cellnetlst.cpp */; };
		BC97A537178F2BBE0002254A /* cif.cpp in Sources */ = {isa = PBXBuildFile; fileRef = BC97A501178F2BBE0002254A /* cif.cpp */; };
		BC97A538178F2BBE0002254A /* circuit.cpp in Sources */ = {isa = PBXBuildFile; fileRef = BC97A503178F2BBE0002254A /* circuit.cpp */; };
		BC97A539178F2BBE0002254A /* clayout.cpp in Sources */ = {isa = PBXBuildFile; fileRef = BC97A505178F2BBE0002254A /* clayout.cpp */; };
		BC97A53A178F2BBE0002254A /* compaction.cpp in Sources */ = {isa = PBXBuildFile; fileRef = BC97A507178F2BBE0002254A /* compaction.cpp */; };
		BC97A53B178F2BBE0002254A /* designmng.cpp in Sources */ = {isa = PBXBuildFile; fileRef = BC97A509178F2BBE0002254A /* designmng.cpp */; };
		BC97A53C178F2BBE0002254A /* draw.cpp in Sources */ = {isa = PBXBuildFile; fileRef = BC97A50B178F2BBE0002254A /* draw.cpp */; };
		BC97A53D178F2BBE0002254A /* gds.cpp in Sources */ = {isa = PBXBuildFile; fileRef = BC97A50D178F2BBE0002254A /* gds.cpp */; };
		BC97A53F178F2BBE0002254A /* icpdApp.cpp in Sources */ = {isa = PBXBuildFile; fileRef = BC97A510178F2BBE0002254A /* icpdApp.cpp */; };
		BC97A540178F2BBE0002254A /* icpdfrm.cpp in Sources */ = {isa = PBXBuildFile; fileRef = BC97A512178F2BBE0002254A /* icpdfrm.cpp */; };
		BC97A541178F2BBE0002254A /* lef.cpp in Sources */ = {isa = PBXBuildFile; fileRef = BC97A514178F2BBE0002254A /* lef.cpp */; };
		BC97A542178F2BBE0002254A /* pathfinder.cpp in Sources */ = {isa = PBXBuildFile; fileRef = BC97A516178F2BBE0002254A /* pathfinder.cpp */; };
		BC97A543178F2BBE0002254A /* pathfinder2.cpp in Sources */ = {isa = PBXBuildFile; fileRef = BC97A518178F2BBE0002254A /* pathfinder2.cpp */; };
		BC97A544178F2BBE0002254A /* placer.cpp in Sources */ = {isa = PBXBuildFile; fileRef = BC97A51A178F2BBE0002254A /* placer.cpp */; };
		BC97A545178F2BBE0002254A /* router.cpp in Sources */ = {isa = PBXBuildFile; fileRef = BC97A51C178F2BBE0002254A /* router.cpp */; };
		BC97A546178F2BBE0002254A /* rules.cpp in Sources */ = {isa = PBXBuildFile; fileRef = BC97A51E178F2BBE0002254A /* rules.cpp */; };
		BC97A547178F2BBE0002254A /* spice.cpp in Sources */ = {isa = PBXBuildFile; fileRef = BC97A521178F2BBE0002254A /* spice.cpp */; };
		BC97A548178F2BBE0002254A /* verilog.cpp in Sources */ = {isa = PBXBuildFile; fileRef = BC97A525178F2BBE0002254A /* verilog.cpp */; };
		BC97A549178F2BBE0002254A /* wxabout.cpp in Sources */ = {isa = PBXBuildFile; fileRef = BC97A527178F2BBE0002254A /* wxabout.cpp */; };
		BC97A54A178F2BBE0002254A /* wxautocell.cpp in Sources */ = {isa = PBXBuildFile; fileRef = BC97A529178F2BBE0002254A /* wxautocell.cpp */; };
		BC97A54B178F2BBE0002254A /* wxcircuit.cpp in Sources */ = {isa = PBXBuildFile; fileRef = BC97A52B178F2BBE0002254A /* wxcircuit.cpp */; };
		BC97A54C178F2BBE0002254A /* wxfp.cpp in Sources */ = {isa = PBXBuildFile; fileRef = BC97A52D178F2BBE0002254A /* wxfp.cpp */; };
		BC97A54D178F2BBE0002254A /* wxinterface.cpp in Sources */ = {isa = PBXBuildFile; fileRef = BC97A52F178F2BBE0002254A /* wxinterface.cpp */; };
		BC97A54F178F2BBE0002254A /* wxrules.cpp in Sources */ = {isa = PBXBuildFile; fileRef = BC97A533178F2BBE0002254A /* wxrules.cpp */; };
		BCBBF217181454EB00139922 /* icon.icns in Resources */ = {isa = PBXBuildFile; fileRef = BCBBF216181454EB00139922 /* icon.icns */; };
		BCC8FE851811F0AF00A322C9 /* autocell2.cpp in Sources */ = {isa = PBXBuildFile; fileRef = BC97A4FD178F2BBE0002254A /* autocell2.cpp */; };
		BCC8FE861811F0AF00A322C9 /* cellnetlst.cpp in Sources */ = {isa = PBXBuildFile; fileRef = BC97A4FF178F2BBE0002254A /* cellnetlst.cpp */; };
		BCC8FE871811F0AF00A322C9 /* cif.cpp in Sources */ = {isa = PBXBuildFile; fileRef = BC97A501178F2BBE0002254A /* cif.cpp */; };
		BCC8FE881811F0AF00A322C9 /* circuit.cpp in Sources */ = {isa = PBXBuildFile; fileRef = BC97A503178F2BBE0002254A /* circuit.cpp */; };
		BCC8FE891811F0AF00A322C9 /* clayout.cpp in Sources */ = {isa = PBXBuildFile; fileRef = BC97A505178F2BBE0002254A /* clayout.cpp */; };
		BCC8FE8A1811F0AF00A322C9 /* compaction.cpp in Sources */ = {isa = PBXBuildFile; fileRef = BC97A507178F2BBE0002254A /* compaction.cpp */; };
		BCC8FE8B1811F0AF00A322C9 /* designmng.cpp in Sources */ = {isa = PBXBuildFile; fileRef = BC97A509178F2BBE0002254A /* designmng.cpp */; };
		BCC8FE8C1811F0AF00A322C9 /* draw.cpp in Sources */ = {isa = PBXBuildFile; fileRef = BC97A50B178F2BBE0002254A /* draw.cpp */; };
		BCC8FE8D1811F0AF00A322C9 /* gds.cpp in Sources */ = {isa = PBXBuildFile; fileRef = BC97A50D178F2BBE0002254A /* gds.cpp */; };
		BCC8FE8E1811F0AF00A322C9 /* icpdApp.cpp in Sources */ = {isa = PBXBuildFile; fileRef = BC97A510178F2BBE0002254A /* icpdApp.cpp */; };
		BCC8FE8F1811F0AF00A322C9 /* icpdfrm.cpp in Sources */ = {isa = PBXBuildFile; fileRef = BC97A512178F2BBE0002254A /* icpdfrm.cpp */; };
		BCC8FE901811F0AF00A322C9 /* lef.cpp in Sources */ = {isa = PBXBuildFile; fileRef = BC97A514178F2BBE0002254A /* lef.cpp */; };
		BCC8FE911811F0AF00A322C9 /* pathfinder.cpp in Sources */ = {isa = PBXBuildFile; fileRef = BC97A516178F2BBE0002254A /* pathfinder.cpp */; };
		BCC8FE921811F0AF00A322C9 /* pathfinder2.cpp in Sources */ = {isa = PBXBuildFile; fileRef = BC97A518178F2BBE0002254A /* pathfinder2.cpp */; };
		BCC8FE931811F0AF00A322C9 /* placer.cpp in Sources */ = {isa = PBXBuildFile; fileRef = BC97A51A178F2BBE0002254A /* placer.cpp */; };
		BCC8FE941811F0AF00A322C9 /* router.cpp in Sources */ = {isa = PBXBuildFile; fileRef = BC97A51C178F2BBE0002254A /* router.cpp */; };
		BCC8FE951811F0AF00A322C9 /* rules.cpp in Sources */ = {isa = PBXBuildFile; fileRef = BC97A51E178F2BBE0002254A /* rules.cpp */; };
		BCC8FE961811F0AF00A322C9 /* spice.cpp in Sources */ = {isa = PBXBuildFile; fileRef = BC97A521178F2BBE0002254A /* spice.cpp */; };
		BCC8FE971811F0AF00A322C9 /* verilog.cpp in Sources */ = {isa = PBXBuildFile; fileRef = BC97A525178F2BBE0002254A /* verilog.cpp */; };
		BCC8FE981811F0AF00A322C9 /* wxabout.cpp in Sources */ = {isa = PBXBuildFile; fileRef = BC97A527178F2BBE0002254A /* wxabout.cpp */; };
		BCC8FE991811F0AF00A322C9 /* wxautocell.cpp in Sources */ = {isa = PBXBuildFile; fileRef = BC97A529178F2BBE0002254A /* wxautocell.cpp */; };
		BCC8FE9A1811F0AF00A322C9 /* wxcircuit.cpp in Sources */ = {isa = PBXBuildFile; fileRef = BC97A52B178F2BBE0002254A /* wxcircuit.cpp */; };
		BCC8FE9B1811F0AF00A322C9 /* wxfp.cpp in Sources */ = {isa = PBXBuildFile; fileRef = BC97A52D178F2BBE0002254A /* wxfp.cpp */; };
		BCC8FE9C1811F0AF00A322C9 /* wxinterface.cpp in Sources */ = {isa = PBXBuildFile; fileRef = BC97A52F178F2BBE0002254A /* wxinterface.cpp */; };
		BCC8FE9E1811F0AF00A322C9 /* wxrules.cpp in Sources */ = {isa = PBXBuildFile; fileRef = BC97A533178F2BBE0002254A /* wxrules.cpp */; };
		BCF19DA418183D10000FA8CA /* wxpreferences.cpp in Sources */ = {isa = PBXBuildFile; fileRef = BCF19DA218183D10000FA8CA /* wxpreferences.cpp */; };
		E6828ACE17BEB82A002E35C0 /* autocell2.cpp in Sources */ = {isa = PBXBuildFile; fileRef = BC97A4FD178F2BBE0002254A /* autocell2.cpp */; };
		E6828ACF17BEB82A002E35C0 /* cellnetlst.cpp in Sources */ = {isa = PBXBuildFile; fileRef = BC97A4FF178F2BBE0002254A /* cellnetlst.cpp */; };
		E6828AD017BEB82A002E35C0 /* cif.cpp in Sources */ = {isa = PBXBuildFile; fileRef = BC97A501178F2BBE0002254A /* cif.cpp */; };
		E6828AD117BEB82A002E35C0 /* circuit.cpp in Sources */ = {isa = PBXBuildFile; fileRef = BC97A503178F2BBE0002254A /* circuit.cpp */; };
		E6828AD217BEB82A002E35C0 /* clayout.cpp in Sources */ = {isa = PBXBuildFile; fileRef = BC97A505178F2BBE0002254A /* clayout.cpp */; };
		E6828AD317BEB82A002E35C0 /* compaction.cpp in Sources */ = {isa = PBXBuildFile; fileRef = BC97A507178F2BBE0002254A /* compaction.cpp */; };
		E6828AD417BEB82A002E35C0 /* designmng.cpp in Sources */ = {isa = PBXBuildFile; fileRef = BC97A509178F2BBE0002254A /* designmng.cpp */; };
		E6828AD517BEB82A002E35C0 /* draw.cpp in Sources */ = {isa = PBXBuildFile; fileRef = BC97A50B178F2BBE0002254A /* draw.cpp */; };
		E6828AD617BEB82A002E35C0 /* gds.cpp in Sources */ = {isa = PBXBuildFile; fileRef = BC97A50D178F2BBE0002254A /* gds.cpp */; };
		E6828AD717BEB82A002E35C0 /* icpdApp.cpp in Sources */ = {isa = PBXBuildFile; fileRef = BC97A510178F2BBE0002254A /* icpdApp.cpp */; };
		E6828AD817BEB82A002E35C0 /* icpdfrm.cpp in Sources */ = {isa = PBXBuildFile; fileRef = BC97A512178F2BBE0002254A /* icpdfrm.cpp */; };
		E6828AD917BEB82A002E35C0 /* lef.cpp in Sources */ = {isa = PBXBuildFile; fileRef = BC97A514178F2BBE0002254A /* lef.cpp */; };
		E6828ADA17BEB82A002E35C0 /* pathfinder.cpp in Sources */ = {isa = PBXBuildFile; fileRef = BC97A516178F2BBE0002254A /* pathfinder.cpp */; };
		E6828ADB17BEB82A002E35C0 /* pathfinder2.cpp in Sources */ = {isa = PBXBuildFile; fileRef = BC97A518178F2BBE0002254A /* pathfinder2.cpp */; };
		E6828ADC17BEB82A002E35C0 /* placer.cpp in Sources */ = {isa = PBXBuildFile; fileRef = BC97A51A178F2BBE0002254A /* placer.cpp */; };
		E6828ADD17BEB82A002E35C0 /* router.cpp in Sources */ = {isa = PBXBuildFile; fileRef = BC97A51C178F2BBE0002254A /* router.cpp */; };
		E6828ADE17BEB82A002E35C0 /* rules.cpp in Sources */ = {isa = PBXBuildFile; fileRef = BC97A51E178F2BBE0002254A /* rules.cpp */; };
		E6828ADF17BEB82A002E35C0 /* spice.cpp in Sources */ = {isa = PBXBuildFile; fileRef = BC97A521178F2BBE0002254A /* spice.cpp */; };
		E6828AE017BEB82A002E35C0 /* verilog.cpp in Sources */ = {isa = PBXBuildFile; fileRef = BC97A525178F2BBE0002254A /* verilog.cpp */; };
		E6828AE117BEB82A002E35C0 /* wxabout.cpp in Sources */ = {isa = PBXBuildFile; fileRef = BC97A527178F2BBE0002254A /* wxabout.cpp */; };
		E6828AE217BEB82A002E35C0 /* wxautocell.cpp in Sources */ = {isa = PBXBuildFile; fileRef = BC97A529178F2BBE0002254A /* wxautocell.cpp */; };
		E6828AE317BEB82A002E35C0 /* wxcircuit.cpp in Sources */ = {isa = PBXBuildFile; fileRef = BC97A52B178F2BBE0002254A /* wxcircuit.cpp */; };
		E6828AE417BEB82A002E35C0 /* wxfp.cpp in Sources */ = {isa = PBXBuildFile; fileRef = BC97A52D178F2BBE0002254A /* wxfp.cpp */; };
		E6828AE517BEB82A002E35C0 /* wxinterface.cpp in Sources */ = {isa = PBXBuildFile; fileRef = BC97A52F178F2BBE0002254A /* wxinterface.cpp */; };
		E6828AE717BEB82A002E35C0 /* wxrules.cpp in Sources */ = {isa = PBXBuildFile; fileRef = BC97A533178F2BBE0002254A /* wxrules.cpp */; };
/* End PBXBuildFile section */

/* Begin PBXFileReference section */
		BC97A4DB178F2B1E0002254A /* Astran.app */ = {isa = PBXFileReference; explicitFileType = wrapper.application; includeInIndex = 0; path = Astran.app; sourceTree = BUILT_PRODUCTS_DIR; };
		BC97A4E7178F2B1E0002254A /* Astran-Info.plist */ = {isa = PBXFileReference; lastKnownFileType = text.plist.xml; path = "Astran-Info.plist"; sourceTree = "<group>"; };
		BC97A4ED178F2B1E0002254A /* Astran-Prefix.pch */ = {isa = PBXFileReference; lastKnownFileType = sourcecode.c.h; path = "Astran-Prefix.pch"; sourceTree = "<group>"; };
		BC97A4FD178F2BBE0002254A /* autocell2.cpp */ = {isa = PBXFileReference; fileEncoding = 4; lastKnownFileType = sourcecode.cpp.cpp; path = autocell2.cpp; sourceTree = "<group>"; };
		BC97A4FE178F2BBE0002254A /* autocell2.h */ = {isa = PBXFileReference; fileEncoding = 4; lastKnownFileType = sourcecode.c.h; path = autocell2.h; sourceTree = "<group>"; };
		BC97A4FF178F2BBE0002254A /* cellnetlst.cpp */ = {isa = PBXFileReference; fileEncoding = 4; lastKnownFileType = sourcecode.cpp.cpp; path = cellnetlst.cpp; sourceTree = "<group>"; };
		BC97A500178F2BBE0002254A /* cellnetlst.h */ = {isa = PBXFileReference; fileEncoding = 4; lastKnownFileType = sourcecode.c.h; path = cellnetlst.h; sourceTree = "<group>"; };
		BC97A501178F2BBE0002254A /* cif.cpp */ = {isa = PBXFileReference; fileEncoding = 4; lastKnownFileType = sourcecode.cpp.cpp; path = cif.cpp; sourceTree = "<group>"; };
		BC97A502178F2BBE0002254A /* cif.h */ = {isa = PBXFileReference; fileEncoding = 4; lastKnownFileType = sourcecode.c.h; path = cif.h; sourceTree = "<group>"; };
		BC97A503178F2BBE0002254A /* circuit.cpp */ = {isa = PBXFileReference; fileEncoding = 4; lastKnownFileType = sourcecode.cpp.cpp; path = circuit.cpp; sourceTree = "<group>"; };
		BC97A504178F2BBE0002254A /* circuit.h */ = {isa = PBXFileReference; fileEncoding = 4; lastKnownFileType = sourcecode.c.h; path = circuit.h; sourceTree = "<group>"; };
		BC97A505178F2BBE0002254A /* clayout.cpp */ = {isa = PBXFileReference; fileEncoding = 4; lastKnownFileType = sourcecode.cpp.cpp; path = clayout.cpp; sourceTree = "<group>"; };
		BC97A506178F2BBE0002254A /* clayout.h */ = {isa = PBXFileReference; fileEncoding = 4; lastKnownFileType = sourcecode.c.h; path = clayout.h; sourceTree = "<group>"; };
		BC97A507178F2BBE0002254A /* compaction.cpp */ = {isa = PBXFileReference; fileEncoding = 4; lastKnownFileType = sourcecode.cpp.cpp; path = compaction.cpp; sourceTree = "<group>"; };
		BC97A508178F2BBE0002254A /* compaction.h */ = {isa = PBXFileReference; fileEncoding = 4; lastKnownFileType = sourcecode.c.h; path = compaction.h; sourceTree = "<group>"; };
		BC97A509178F2BBE0002254A /* designmng.cpp */ = {isa = PBXFileReference; fileEncoding = 4; lastKnownFileType = sourcecode.cpp.cpp; path = designmng.cpp; sourceTree = "<group>"; };
		BC97A50A178F2BBE0002254A /* designmng.h */ = {isa = PBXFileReference; fileEncoding = 4; lastKnownFileType = sourcecode.c.h; path = designmng.h; sourceTree = "<group>"; };
		BC97A50B178F2BBE0002254A /* draw.cpp */ = {isa = PBXFileReference; fileEncoding = 4; lastKnownFileType = sourcecode.cpp.cpp; path = draw.cpp; sourceTree = "<group>"; };
		BC97A50C178F2BBE0002254A /* draw.h */ = {isa = PBXFileReference; fileEncoding = 4; lastKnownFileType = sourcecode.c.h; path = draw.h; sourceTree = "<group>"; };
		BC97A50D178F2BBE0002254A /* gds.cpp */ = {isa = PBXFileReference; fileEncoding = 4; lastKnownFileType = sourcecode.cpp.cpp; path = gds.cpp; sourceTree = "<group>"; };
		BC97A50E178F2BBE0002254A /* gds.h */ = {isa = PBXFileReference; fileEncoding = 4; lastKnownFileType = sourcecode.c.h; path = gds.h; sourceTree = "<group>"; };
		BC97A510178F2BBE0002254A /* icpdApp.cpp */ = {isa = PBXFileReference; fileEncoding = 4; lastKnownFileType = sourcecode.cpp.cpp; path = icpdApp.cpp; sourceTree = "<group>"; };
		BC97A511178F2BBE0002254A /* icpdApp.h */ = {isa = PBXFileReference; fileEncoding = 4; lastKnownFileType = sourcecode.c.h; path = icpdApp.h; sourceTree = "<group>"; };
		BC97A512178F2BBE0002254A /* icpdfrm.cpp */ = {isa = PBXFileReference; fileEncoding = 4; lastKnownFileType = sourcecode.cpp.cpp; path = icpdfrm.cpp; sourceTree = "<group>"; };
		BC97A513178F2BBE0002254A /* icpdfrm.h */ = {isa = PBXFileReference; fileEncoding = 4; lastKnownFileType = sourcecode.c.h; path = icpdfrm.h; sourceTree = "<group>"; };
		BC97A514178F2BBE0002254A /* lef.cpp */ = {isa = PBXFileReference; fileEncoding = 4; lastKnownFileType = sourcecode.cpp.cpp; path = lef.cpp; sourceTree = "<group>"; };
		BC97A515178F2BBE0002254A /* lef.h */ = {isa = PBXFileReference; fileEncoding = 4; lastKnownFileType = sourcecode.c.h; path = lef.h; sourceTree = "<group>"; };
		BC97A516178F2BBE0002254A /* pathfinder.cpp */ = {isa = PBXFileReference; fileEncoding = 4; lastKnownFileType = sourcecode.cpp.cpp; path = pathfinder.cpp; sourceTree = "<group>"; };
		BC97A517178F2BBE0002254A /* pathfinder.h */ = {isa = PBXFileReference; fileEncoding = 4; lastKnownFileType = sourcecode.c.h; path = pathfinder.h; sourceTree = "<group>"; };
		BC97A518178F2BBE0002254A /* pathfinder2.cpp */ = {isa = PBXFileReference; fileEncoding = 4; lastKnownFileType = sourcecode.cpp.cpp; path = pathfinder2.cpp; sourceTree = "<group>"; };
		BC97A519178F2BBE0002254A /* pathfinder2.h */ = {isa = PBXFileReference; fileEncoding = 4; lastKnownFileType = sourcecode.c.h; path = pathfinder2.h; sourceTree = "<group>"; };
		BC97A51A178F2BBE0002254A /* placer.cpp */ = {isa = PBXFileReference; fileEncoding = 4; lastKnownFileType = sourcecode.cpp.cpp; path = placer.cpp; sourceTree = "<group>"; };
		BC97A51B178F2BBE0002254A /* placer.h */ = {isa = PBXFileReference; fileEncoding = 4; lastKnownFileType = sourcecode.c.h; path = placer.h; sourceTree = "<group>"; };
		BC97A51C178F2BBE0002254A /* router.cpp */ = {isa = PBXFileReference; fileEncoding = 4; lastKnownFileType = sourcecode.cpp.cpp; path = router.cpp; sourceTree = "<group>"; };
		BC97A51D178F2BBE0002254A /* router.h */ = {isa = PBXFileReference; fileEncoding = 4; lastKnownFileType = sourcecode.c.h; path = router.h; sourceTree = "<group>"; };
		BC97A51E178F2BBE0002254A /* rules.cpp */ = {isa = PBXFileReference; fileEncoding = 4; lastKnownFileType = sourcecode.cpp.cpp; path = rules.cpp; sourceTree = "<group>"; };
		BC97A51F178F2BBE0002254A /* rules.h */ = {isa = PBXFileReference; fileEncoding = 4; lastKnownFileType = sourcecode.c.h; path = rules.h; sourceTree = "<group>"; };
		BC97A521178F2BBE0002254A /* spice.cpp */ = {isa = PBXFileReference; fileEncoding = 4; lastKnownFileType = sourcecode.cpp.cpp; path = spice.cpp; sourceTree = "<group>"; };
		BC97A522178F2BBE0002254A /* spice.h */ = {isa = PBXFileReference; fileEncoding = 4; lastKnownFileType = sourcecode.c.h; path = spice.h; sourceTree = "<group>"; };
		BC97A523178F2BBE0002254A /* thresholdaccept.h */ = {isa = PBXFileReference; fileEncoding = 4; lastKnownFileType = sourcecode.c.h; path = thresholdaccept.h; sourceTree = "<group>"; };
		BC97A524178F2BBE0002254A /* util.h */ = {isa = PBXFileReference; fileEncoding = 4; lastKnownFileType = sourcecode.c.h; path = util.h; sourceTree = "<group>"; };
		BC97A525178F2BBE0002254A /* verilog.cpp */ = {isa = PBXFileReference; fileEncoding = 4; lastKnownFileType = sourcecode.cpp.cpp; path = verilog.cpp; sourceTree = "<group>"; };
		BC97A526178F2BBE0002254A /* verilog.h */ = {isa = PBXFileReference; fileEncoding = 4; lastKnownFileType = sourcecode.c.h; path = verilog.h; sourceTree = "<group>"; };
		BC97A527178F2BBE0002254A /* wxabout.cpp */ = {isa = PBXFileReference; fileEncoding = 4; lastKnownFileType = sourcecode.cpp.cpp; path = wxabout.cpp; sourceTree = "<group>"; };
		BC97A528178F2BBE0002254A /* wxabout.h */ = {isa = PBXFileReference; fileEncoding = 4; lastKnownFileType = sourcecode.c.h; path = wxabout.h; sourceTree = "<group>"; };
		BC97A529178F2BBE0002254A /* wxautocell.cpp */ = {isa = PBXFileReference; fileEncoding = 4; lastKnownFileType = sourcecode.cpp.cpp; path = wxautocell.cpp; sourceTree = "<group>"; };
		BC97A52A178F2BBE0002254A /* wxautocell.h */ = {isa = PBXFileReference; fileEncoding = 4; lastKnownFileType = sourcecode.c.h; path = wxautocell.h; sourceTree = "<group>"; };
		BC97A52B178F2BBE0002254A /* wxcircuit.cpp */ = {isa = PBXFileReference; fileEncoding = 4; lastKnownFileType = sourcecode.cpp.cpp; path = wxcircuit.cpp; sourceTree = "<group>"; };
		BC97A52C178F2BBE0002254A /* wxcircuit.h */ = {isa = PBXFileReference; fileEncoding = 4; lastKnownFileType = sourcecode.c.h; path = wxcircuit.h; sourceTree = "<group>"; };
		BC97A52D178F2BBE0002254A /* wxfp.cpp */ = {isa = PBXFileReference; fileEncoding = 4; lastKnownFileType = sourcecode.cpp.cpp; path = wxfp.cpp; sourceTree = "<group>"; };
		BC97A52E178F2BBE0002254A /* wxfp.h */ = {isa = PBXFileReference; fileEncoding = 4; lastKnownFileType = sourcecode.c.h; path = wxfp.h; sourceTree = "<group>"; };
		BC97A52F178F2BBE0002254A /* wxinterface.cpp */ = {isa = PBXFileReference; fileEncoding = 4; lastKnownFileType = sourcecode.cpp.cpp; path = wxinterface.cpp; sourceTree = "<group>"; };
		BC97A530178F2BBE0002254A /* wxinterface.h */ = {isa = PBXFileReference; fileEncoding = 4; lastKnownFileType = sourcecode.c.h; path = wxinterface.h; sourceTree = "<group>"; };
		BC97A533178F2BBE0002254A /* wxrules.cpp */ = {isa = PBXFileReference; fileEncoding = 4; lastKnownFileType = sourcecode.cpp.cpp; path = wxrules.cpp; sourceTree = "<group>"; };
		BC97A534178F2BBE0002254A /* wxrules.h */ = {isa = PBXFileReference; fileEncoding = 4; lastKnownFileType = sourcecode.c.h; path = wxrules.h; sourceTree = "<group>"; };
		BCBBF216181454EB00139922 /* icon.icns */ = {isa = PBXFileReference; lastKnownFileType = image.icns; path = icon.icns; sourceTree = "<group>"; };
		BCC8FEA51811F0AF00A322C9 /* Astran copy.app */ = {isa = PBXFileReference; explicitFileType = wrapper.application; includeInIndex = 0; path = "Astran copy.app"; sourceTree = BUILT_PRODUCTS_DIR; };
		BCC8FEA71811F0AF00A322C9 /* Astran copy2-Info.plist */ = {isa = PBXFileReference; lastKnownFileType = text.plist.xml; name = "Astran copy2-Info.plist"; path = "/Users/adrieljr/Dropbox/gme-ufrgs/Astran/Astran/Astran copy2-Info.plist"; sourceTree = "<absolute>"; };
		BCF19DA218183D10000FA8CA /* wxpreferences.cpp */ = {isa = PBXFileReference; fileEncoding = 4; lastKnownFileType = sourcecode.cpp.cpp; path = wxpreferences.cpp; sourceTree = "<group>"; };
		BCF19DA318183D10000FA8CA /* wxpreferences.h */ = {isa = PBXFileReference; fileEncoding = 4; lastKnownFileType = sourcecode.c.h; path = wxpreferences.h; sourceTree = "<group>"; };
		E6828AEE17BEB82B002E35C0 /* Astran copy.app */ = {isa = PBXFileReference; explicitFileType = wrapper.application; includeInIndex = 0; path = "Astran copy.app"; sourceTree = BUILT_PRODUCTS_DIR; };
/* End PBXFileReference section */

/* Begin PBXFrameworksBuildPhase section */
		BC97A4D8178F2B1E0002254A /* Frameworks */ = {
			isa = PBXFrameworksBuildPhase;
			buildActionMask = 2147483647;
			files = (
			);
			runOnlyForDeploymentPostprocessing = 0;
		};
		BCC8FE9F1811F0AF00A322C9 /* Frameworks */ = {
			isa = PBXFrameworksBuildPhase;
			buildActionMask = 2147483647;
			files = (
			);
			runOnlyForDeploymentPostprocessing = 0;
		};
		E6828AE817BEB82A002E35C0 /* Frameworks */ = {
			isa = PBXFrameworksBuildPhase;
			buildActionMask = 2147483647;
			files = (
			);
			runOnlyForDeploymentPostprocessing = 0;
		};
/* End PBXFrameworksBuildPhase section */

/* Begin PBXGroup section */
		BC97A4D0178F2B1E0002254A = {
			isa = PBXGroup;
			children = (
				BCBBF216181454EB00139922 /* icon.icns */,
				BC97A4FC178F2BBE0002254A /* src */,
				BC97A4E5178F2B1E0002254A /* Astran */,
				BC97A4DC178F2B1E0002254A /* Products */,
				BCC8FEA71811F0AF00A322C9 /* Astran copy2-Info.plist */,
			);
			sourceTree = "<group>";
		};
		BC97A4DC178F2B1E0002254A /* Products */ = {
			isa = PBXGroup;
			children = (
				BC97A4DB178F2B1E0002254A /* Astran.app */,
				E6828AEE17BEB82B002E35C0 /* Astran copy.app */,
				BCC8FEA51811F0AF00A322C9 /* Astran copy.app */,
			);
			name = Products;
			sourceTree = "<group>";
		};
		BC97A4E5178F2B1E0002254A /* Astran */ = {
			isa = PBXGroup;
			children = (
				BC97A4E6178F2B1E0002254A /* Supporting Files */,
			);
			path = Astran;
			sourceTree = "<group>";
		};
		BC97A4E6178F2B1E0002254A /* Supporting Files */ = {
			isa = PBXGroup;
			children = (
				BC97A4E7178F2B1E0002254A /* Astran-Info.plist */,
				BC97A4ED178F2B1E0002254A /* Astran-Prefix.pch */,
			);
			name = "Supporting Files";
			sourceTree = "<group>";
		};
		BC97A4FC178F2BBE0002254A /* src */ = {
			isa = PBXGroup;
			children = (
				BCF19DA218183D10000FA8CA /* wxpreferences.cpp */,
				BCF19DA318183D10000FA8CA /* wxpreferences.h */,
				BC97A4FD178F2BBE0002254A /* autocell2.cpp */,
				BC97A4FE178F2BBE0002254A /* autocell2.h */,
				BC97A4FF178F2BBE0002254A /* cellnetlst.cpp */,
				BC97A500178F2BBE0002254A /* cellnetlst.h */,
				BC97A501178F2BBE0002254A /* cif.cpp */,
				BC97A502178F2BBE0002254A /* cif.h */,
				BC97A503178F2BBE0002254A /* circuit.cpp */,
				BC97A504178F2BBE0002254A /* circuit.h */,
				BC97A505178F2BBE0002254A /* clayout.cpp */,
				BC97A506178F2BBE0002254A /* clayout.h */,
				BC97A507178F2BBE0002254A /* compaction.cpp */,
				BC97A508178F2BBE0002254A /* compaction.h */,
				BC97A509178F2BBE0002254A /* designmng.cpp */,
				BC97A50A178F2BBE0002254A /* designmng.h */,
				BC97A50B178F2BBE0002254A /* draw.cpp */,
				BC97A50C178F2BBE0002254A /* draw.h */,
				BC97A50D178F2BBE0002254A /* gds.cpp */,
				BC97A50E178F2BBE0002254A /* gds.h */,
				BC97A510178F2BBE0002254A /* icpdApp.cpp */,
				BC97A511178F2BBE0002254A /* icpdApp.h */,
				BC97A512178F2BBE0002254A /* icpdfrm.cpp */,
				BC97A513178F2BBE0002254A /* icpdfrm.h */,
				BC97A514178F2BBE0002254A /* lef.cpp */,
				BC97A515178F2BBE0002254A /* lef.h */,
				BC97A516178F2BBE0002254A /* pathfinder.cpp */,
				BC97A517178F2BBE0002254A /* pathfinder.h */,
				BC97A518178F2BBE0002254A /* pathfinder2.cpp */,
				BC97A519178F2BBE0002254A /* pathfinder2.h */,
				BC97A51A178F2BBE0002254A /* placer.cpp */,
				BC97A51B178F2BBE0002254A /* placer.h */,
				BC97A51C178F2BBE0002254A /* router.cpp */,
				BC97A51D178F2BBE0002254A /* router.h */,
				BC97A51E178F2BBE0002254A /* rules.cpp */,
				BC97A51F178F2BBE0002254A /* rules.h */,
				BC97A521178F2BBE0002254A /* spice.cpp */,
				BC97A522178F2BBE0002254A /* spice.h */,
				BC97A523178F2BBE0002254A /* thresholdaccept.h */,
				BC97A524178F2BBE0002254A /* util.h */,
				BC97A525178F2BBE0002254A /* verilog.cpp */,
				BC97A526178F2BBE0002254A /* verilog.h */,
				BC97A527178F2BBE0002254A /* wxabout.cpp */,
				BC97A528178F2BBE0002254A /* wxabout.h */,
				BC97A529178F2BBE0002254A /* wxautocell.cpp */,
				BC97A52A178F2BBE0002254A /* wxautocell.h */,
				BC97A52B178F2BBE0002254A /* wxcircuit.cpp */,
				BC97A52C178F2BBE0002254A /* wxcircuit.h */,
				BC97A52D178F2BBE0002254A /* wxfp.cpp */,
				BC97A52E178F2BBE0002254A /* wxfp.h */,
				BC97A52F178F2BBE0002254A /* wxinterface.cpp */,
				BC97A530178F2BBE0002254A /* wxinterface.h */,
				BC97A533178F2BBE0002254A /* wxrules.cpp */,
				BC97A534178F2BBE0002254A /* wxrules.h */,
			);
			name = src;
			path = ../src;
			sourceTree = "<group>";
		};
/* End PBXGroup section */

/* Begin PBXNativeTarget section */
		BC97A4DA178F2B1E0002254A /* Astran */ = {
			isa = PBXNativeTarget;
			buildConfigurationList = BC97A4F9178F2B1E0002254A /* Build configuration list for PBXNativeTarget "Astran" */;
			buildPhases = (
				BC97A4D7178F2B1E0002254A /* Sources */,
				BC97A4D8178F2B1E0002254A /* Frameworks */,
				BC97A4D9178F2B1E0002254A /* Resources */,
			);
			buildRules = (
			);
			dependencies = (
			);
			name = Astran;
			productName = Astran;
			productReference = BC97A4DB178F2B1E0002254A /* Astran.app */;
			productType = "com.apple.product-type.application";
		};
		BCC8FE831811F0AF00A322C9 /* Astran Debug */ = {
			isa = PBXNativeTarget;
			buildConfigurationList = BCC8FEA21811F0AF00A322C9 /* Build configuration list for PBXNativeTarget "Astran Debug" */;
			buildPhases = (
				BCC8FE841811F0AF00A322C9 /* Sources */,
				BCC8FE9F1811F0AF00A322C9 /* Frameworks */,
				BCC8FEA01811F0AF00A322C9 /* Resources */,
			);
			buildRules = (
			);
			dependencies = (
			);
			name = "Astran Debug";
			productName = Astran;
			productReference = BCC8FEA51811F0AF00A322C9 /* Astran copy.app */;
			productType = "com.apple.product-type.application";
		};
		E6828ACC17BEB82A002E35C0 /* Astran Lion */ = {
			isa = PBXNativeTarget;
			buildConfigurationList = E6828AEB17BEB82A002E35C0 /* Build configuration list for PBXNativeTarget "Astran Lion" */;
			buildPhases = (
				E6828ACD17BEB82A002E35C0 /* Sources */,
				E6828AE817BEB82A002E35C0 /* Frameworks */,
				E6828AE917BEB82A002E35C0 /* Resources */,
			);
			buildRules = (
			);
			dependencies = (
			);
			name = "Astran Lion";
			productName = Astran;
			productReference = E6828AEE17BEB82B002E35C0 /* Astran copy.app */;
			productType = "com.apple.product-type.application";
		};
/* End PBXNativeTarget section */

/* Begin PBXProject section */
		BC97A4D2178F2B1E0002254A /* Project object */ = {
			isa = PBXProject;
			attributes = {
				LastUpgradeCheck = 0420;
			};
			buildConfigurationList = BC97A4D5178F2B1E0002254A /* Build configuration list for PBXProject "Astran" */;
			compatibilityVersion = "Xcode 3.2";
			developmentRegion = English;
			hasScannedForEncodings = 0;
			knownRegions = (
				en,
			);
			mainGroup = BC97A4D0178F2B1E0002254A;
			productRefGroup = BC97A4DC178F2B1E0002254A /* Products */;
			projectDirPath = "";
			projectRoot = "";
			targets = (
				BC97A4DA178F2B1E0002254A /* Astran */,
				E6828ACC17BEB82A002E35C0 /* Astran Lion */,
				BCC8FE831811F0AF00A322C9 /* Astran Debug */,
			);
		};
/* End PBXProject section */

/* Begin PBXResourcesBuildPhase section */
		BC97A4D9178F2B1E0002254A /* Resources */ = {
			isa = PBXResourcesBuildPhase;
			buildActionMask = 2147483647;
			files = (
				BCBBF217181454EB00139922 /* icon.icns in Resources */,
			);
			runOnlyForDeploymentPostprocessing = 0;
		};
		BCC8FEA01811F0AF00A322C9 /* Resources */ = {
			isa = PBXResourcesBuildPhase;
			buildActionMask = 2147483647;
			files = (
			);
			runOnlyForDeploymentPostprocessing = 0;
		};
		E6828AE917BEB82A002E35C0 /* Resources */ = {
			isa = PBXResourcesBuildPhase;
			buildActionMask = 2147483647;
			files = (
			);
			runOnlyForDeploymentPostprocessing = 0;
		};
/* End PBXResourcesBuildPhase section */

/* Begin PBXSourcesBuildPhase section */
		BC97A4D7178F2B1E0002254A /* Sources */ = {
			isa = PBXSourcesBuildPhase;
			buildActionMask = 2147483647;
			files = (
				BC97A535178F2BBE0002254A /* autocell2.cpp in Sources */,
				BC97A536178F2BBE0002254A /* cellnetlst.cpp in Sources */,
				BC97A537178F2BBE0002254A /* cif.cpp in Sources */,
				BC97A538178F2BBE0002254A /* circuit.cpp in Sources */,
				BC97A539178F2BBE0002254A /* clayout.cpp in Sources */,
				BC97A53A178F2BBE0002254A /* compaction.cpp in Sources */,
				BC97A53B178F2BBE0002254A /* designmng.cpp in Sources */,
				BC97A53C178F2BBE0002254A /* draw.cpp in Sources */,
				BC97A53D178F2BBE0002254A /* gds.cpp in Sources */,
				BC97A53F178F2BBE0002254A /* icpdApp.cpp in Sources */,
				BC97A540178F2BBE0002254A /* icpdfrm.cpp in Sources */,
				BC97A541178F2BBE0002254A /* lef.cpp in Sources */,
				BC97A542178F2BBE0002254A /* pathfinder.cpp in Sources */,
				BC97A543178F2BBE0002254A /* pathfinder2.cpp in Sources */,
				BC97A544178F2BBE0002254A /* placer.cpp in Sources */,
				BC97A545178F2BBE0002254A /* router.cpp in Sources */,
				BC97A546178F2BBE0002254A /* rules.cpp in Sources */,
				BC97A547178F2BBE0002254A /* spice.cpp in Sources */,
				BC97A548178F2BBE0002254A /* verilog.cpp in Sources */,
				BC97A549178F2BBE0002254A /* wxabout.cpp in Sources */,
				BC97A54A178F2BBE0002254A /* wxautocell.cpp in Sources */,
				BC97A54B178F2BBE0002254A /* wxcircuit.cpp in Sources */,
				BC97A54C178F2BBE0002254A /* wxfp.cpp in Sources */,
				BC97A54D178F2BBE0002254A /* wxinterface.cpp in Sources */,
				BC97A54F178F2BBE0002254A /* wxrules.cpp in Sources */,
				BCF19DA418183D10000FA8CA /* wxpreferences.cpp in Sources */,
			);
			runOnlyForDeploymentPostprocessing = 0;
		};
		BCC8FE841811F0AF00A322C9 /* Sources */ = {
			isa = PBXSourcesBuildPhase;
			buildActionMask = 2147483647;
			files = (
				BCC8FE851811F0AF00A322C9 /* autocell2.cpp in Sources */,
				BCC8FE861811F0AF00A322C9 /* cellnetlst.cpp in Sources */,
				BCC8FE871811F0AF00A322C9 /* cif.cpp in Sources */,
				BCC8FE881811F0AF00A322C9 /* circuit.cpp in Sources */,
				BCC8FE891811F0AF00A322C9 /* clayout.cpp in Sources */,
				BCC8FE8A1811F0AF00A322C9 /* compaction.cpp in Sources */,
				BCC8FE8B1811F0AF00A322C9 /* designmng.cpp in Sources */,
				BCC8FE8C1811F0AF00A322C9 /* draw.cpp in Sources */,
				BCC8FE8D1811F0AF00A322C9 /* gds.cpp in Sources */,
				BCC8FE8E1811F0AF00A322C9 /* icpdApp.cpp in Sources */,
				BCC8FE8F1811F0AF00A322C9 /* icpdfrm.cpp in Sources */,
				BCC8FE901811F0AF00A322C9 /* lef.cpp in Sources */,
				BCC8FE911811F0AF00A322C9 /* pathfinder.cpp in Sources */,
				BCC8FE921811F0AF00A322C9 /* pathfinder2.cpp in Sources */,
				BCC8FE931811F0AF00A322C9 /* placer.cpp in Sources */,
				BCC8FE941811F0AF00A322C9 /* router.cpp in Sources */,
				BCC8FE951811F0AF00A322C9 /* rules.cpp in Sources */,
				BCC8FE961811F0AF00A322C9 /* spice.cpp in Sources */,
				BCC8FE971811F0AF00A322C9 /* verilog.cpp in Sources */,
				BCC8FE981811F0AF00A322C9 /* wxabout.cpp in Sources */,
				BCC8FE991811F0AF00A322C9 /* wxautocell.cpp in Sources */,
				BCC8FE9A1811F0AF00A322C9 /* wxcircuit.cpp in Sources */,
				BCC8FE9B1811F0AF00A322C9 /* wxfp.cpp in Sources */,
				BCC8FE9C1811F0AF00A322C9 /* wxinterface.cpp in Sources */,
				BCC8FE9E1811F0AF00A322C9 /* wxrules.cpp in Sources */,
			);
			runOnlyForDeploymentPostprocessing = 0;
		};
		E6828ACD17BEB82A002E35C0 /* Sources */ = {
			isa = PBXSourcesBuildPhase;
			buildActionMask = 2147483647;
			files = (
				E6828ACE17BEB82A002E35C0 /* autocell2.cpp in Sources */,
				E6828ACF17BEB82A002E35C0 /* cellnetlst.cpp in Sources */,
				E6828AD017BEB82A002E35C0 /* cif.cpp in Sources */,
				E6828AD117BEB82A002E35C0 /* circuit.cpp in Sources */,
				E6828AD217BEB82A002E35C0 /* clayout.cpp in Sources */,
				E6828AD317BEB82A002E35C0 /* compaction.cpp in Sources */,
				E6828AD417BEB82A002E35C0 /* designmng.cpp in Sources */,
				E6828AD517BEB82A002E35C0 /* draw.cpp in Sources */,
				E6828AD617BEB82A002E35C0 /* gds.cpp in Sources */,
				E6828AD717BEB82A002E35C0 /* icpdApp.cpp in Sources */,
				E6828AD817BEB82A002E35C0 /* icpdfrm.cpp in Sources */,
				E6828AD917BEB82A002E35C0 /* lef.cpp in Sources */,
				E6828ADA17BEB82A002E35C0 /* pathfinder.cpp in Sources */,
				E6828ADB17BEB82A002E35C0 /* pathfinder2.cpp in Sources */,
				E6828ADC17BEB82A002E35C0 /* placer.cpp in Sources */,
				E6828ADD17BEB82A002E35C0 /* router.cpp in Sources */,
				E6828ADE17BEB82A002E35C0 /* rules.cpp in Sources */,
				E6828ADF17BEB82A002E35C0 /* spice.cpp in Sources */,
				E6828AE017BEB82A002E35C0 /* verilog.cpp in Sources */,
				E6828AE117BEB82A002E35C0 /* wxabout.cpp in Sources */,
				E6828AE217BEB82A002E35C0 /* wxautocell.cpp in Sources */,
				E6828AE317BEB82A002E35C0 /* wxcircuit.cpp in Sources */,
				E6828AE417BEB82A002E35C0 /* wxfp.cpp in Sources */,
				E6828AE517BEB82A002E35C0 /* wxinterface.cpp in Sources */,
				E6828AE717BEB82A002E35C0 /* wxrules.cpp in Sources */,
			);
			runOnlyForDeploymentPostprocessing = 0;
		};
/* End PBXSourcesBuildPhase section */

/* Begin XCBuildConfiguration section */
		BC97A4F7178F2B1E0002254A /* Debug */ = {
			isa = XCBuildConfiguration;
			buildSettings = {
				ALWAYS_SEARCH_USER_PATHS = NO;
				ARCHS = "$(ARCHS_STANDARD_64_BIT)";
				COPY_PHASE_STRIP = NO;
				GCC_C_LANGUAGE_STANDARD = gnu99;
				GCC_DYNAMIC_NO_PIC = NO;
				GCC_ENABLE_OBJC_EXCEPTIONS = YES;
				GCC_OPTIMIZATION_LEVEL = 0;
				GCC_PREPROCESSOR_DEFINITIONS = (
					"DEBUG=1",
					"$(inherited)",
				);
				GCC_SYMBOLS_PRIVATE_EXTERN = NO;
				GCC_VERSION = com.apple.compilers.llvm.clang.1_0;
				GCC_WARN_64_TO_32_BIT_CONVERSION = YES;
				GCC_WARN_ABOUT_MISSING_PROTOTYPES = YES;
				GCC_WARN_ABOUT_RETURN_TYPE = YES;
				GCC_WARN_UNUSED_VARIABLE = YES;
				MACOSX_DEPLOYMENT_TARGET = 10.6;
				ONLY_ACTIVE_ARCH = YES;
				SDKROOT = macosx;
			};
			name = Debug;
		};
		BC97A4F8178F2B1E0002254A /* Release */ = {
			isa = XCBuildConfiguration;
			buildSettings = {
				ALWAYS_SEARCH_USER_PATHS = NO;
				ARCHS = "$(ARCHS_STANDARD_64_BIT)";
				COPY_PHASE_STRIP = YES;
				DEBUG_INFORMATION_FORMAT = "dwarf-with-dsym";
				GCC_C_LANGUAGE_STANDARD = gnu99;
				GCC_ENABLE_OBJC_EXCEPTIONS = YES;
				GCC_VERSION = com.apple.compilers.llvm.clang.1_0;
				GCC_WARN_64_TO_32_BIT_CONVERSION = YES;
				GCC_WARN_ABOUT_MISSING_PROTOTYPES = YES;
				GCC_WARN_ABOUT_RETURN_TYPE = YES;
				GCC_WARN_UNUSED_VARIABLE = YES;
				MACOSX_DEPLOYMENT_TARGET = 10.6;
				SDKROOT = macosx;
			};
			name = Release;
		};
		BC97A4FA178F2B1E0002254A /* Debug */ = {
			isa = XCBuildConfiguration;
			buildSettings = {
				ARCHS = "$(ARCHS_STANDARD_32_BIT)";
				CONFIGURATION_BUILD_DIR = "$(BUILD_DIR)/bin";
				GCC_GENERATE_DEBUGGING_SYMBOLS = YES;
				GCC_OPTIMIZATION_LEVEL = 0;
				GCC_PRECOMPILE_PREFIX_HEADER = YES;
				GCC_PREFIX_HEADER = "Astran/Astran-Prefix.pch";
				GCC_VERSION = com.apple.compilers.llvmgcc42;
				INFOPLIST_FILE = "Astran/Astran-Info.plist";
				ONLY_ACTIVE_ARCH = YES;
				OTHER_CFLAGS = (
					"-I/usr/lib/wx/include/mac-unicode-debug-2.8",
					"-I/usr/include/wx-2.8",
					"-D_FILE_OFFSET_BITS=64",
					"-D_LARGE_FILES",
					"-D__WXDEBUG__",
					"-D__WXMAC__",
				);
				OTHER_LDFLAGS = (
					"-framework",
					IOKit,
					"-framework",
					Carbon,
					"-framework",
					Cocoa,
					"-framework",
					System,
					"-framework",
					QuickTime,
					"-framework",
					OpenGL,
					"-framework",
					AGL,
					"-lwx_macud-2.8",
				);
				PRODUCT_NAME = "$(TARGET_NAME)";
				SYMROOT = ../build;
				WRAPPER_EXTENSION = app;
			};
			name = Debug;
		};
		BC97A4FB178F2B1E0002254A /* Release */ = {
			isa = XCBuildConfiguration;
			buildSettings = {
				ARCHS = "$(ARCHS_STANDARD_32_BIT)";
				CONFIGURATION_BUILD_DIR = "$(BUILD_DIR)/bin";
				GCC_GENERATE_DEBUGGING_SYMBOLS = YES;
				GCC_OPTIMIZATION_LEVEL = 3;
				GCC_PRECOMPILE_PREFIX_HEADER = YES;
				GCC_PREFIX_HEADER = "Astran/Astran-Prefix.pch";
				GCC_VERSION = com.apple.compilers.llvmgcc42;
				INFOPLIST_FILE = "Astran/Astran-Info.plist";
				ONLY_ACTIVE_ARCH = YES;
				OTHER_CFLAGS = (
					"-I/usr/lib/wx/include/mac-unicode-debug-2.8",
					"-I/usr/include/wx-2.8",
					"-D_FILE_OFFSET_BITS=64",
					"-D_LARGE_FILES",
					"-D__WXDEBUG__",
					"-D__WXMAC__",
				);
				OTHER_LDFLAGS = (
					"-framework",
					IOKit,
					"-framework",
					Carbon,
					"-framework",
					Cocoa,
					"-framework",
					System,
					"-framework",
					QuickTime,
					"-framework",
					OpenGL,
					"-framework",
					AGL,
					"-lwx_macud-2.8",
				);
				PRODUCT_NAME = "$(TARGET_NAME)";
				SYMROOT = ../build;
				WRAPPER_EXTENSION = app;
			};
			name = Release;
		};
		BCC8FEA31811F0AF00A322C9 /* Debug */ = {
			isa = XCBuildConfiguration;
			buildSettings = {
				ARCHS = "$(ARCHS_STANDARD_32_BIT)";
				CONFIGURATION_BUILD_DIR = "$(BUILD_DIR)/bin";
				GCC_PRECOMPILE_PREFIX_HEADER = YES;
				GCC_PREFIX_HEADER = "Astran/Astran-Prefix.pch";
				GCC_VERSION = com.apple.compilers.llvmgcc42;
				INFOPLIST_FILE = "Astran copy2-Info.plist";
				OTHER_CFLAGS = (
					"-I/usr/lib/wx/include/mac-unicode-debug-2.8",
					"-I/usr/include/wx-2.8",
					"-D_FILE_OFFSET_BITS=64",
					"-D_LARGE_FILES",
					"-D__WXDEBUG__",
					"-D__WXMAC__",
				);
				OTHER_LDFLAGS = (
					"-framework",
					IOKit,
					"-framework",
					Carbon,
					"-framework",
					Cocoa,
					"-framework",
					System,
					"-framework",
					QuickTime,
					"-framework",
					OpenGL,
					"-framework",
					AGL,
					"-lwx_macud-2.8",
				);
				PRODUCT_NAME = "Astran copy";
				SYMROOT = ../build;
				WRAPPER_EXTENSION = app;
			};
			name = Debug;
		};
		BCC8FEA41811F0AF00A322C9 /* Release */ = {
			isa = XCBuildConfiguration;
			buildSettings = {
				ARCHS = "$(ARCHS_STANDARD_32_BIT)";
				CONFIGURATION_BUILD_DIR = "$(BUILD_DIR)/bin";
				GCC_PRECOMPILE_PREFIX_HEADER = YES;
				GCC_PREFIX_HEADER = "Astran/Astran-Prefix.pch";
				GCC_VERSION = com.apple.compilers.llvmgcc42;
				INFOPLIST_FILE = "Astran copy2-Info.plist";
				OTHER_CFLAGS = (
					"-I/usr/lib/wx/include/mac-unicode-debug-2.8",
					"-I/usr/include/wx-2.8",
					"-D_FILE_OFFSET_BITS=64",
					"-D_LARGE_FILES",
					"-D__WXDEBUG__",
					"-D__WXMAC__",
				);
				OTHER_LDFLAGS = (
					"-framework",
					IOKit,
					"-framework",
					Carbon,
					"-framework",
					Cocoa,
					"-framework",
					System,
					"-framework",
					QuickTime,
					"-framework",
					OpenGL,
					"-framework",
					AGL,
					"-lwx_macud-2.8",
				);
				PRODUCT_NAME = "Astran copy";
				SYMROOT = ../build;
				WRAPPER_EXTENSION = app;
			};
			name = Release;
		};
		E6828AEC17BEB82A002E35C0 /* Debug */ = {
			isa = XCBuildConfiguration;
			buildSettings = {
				ARCHS = "$(ARCHS_STANDARD_32_BIT)";
				CONFIGURATION_BUILD_DIR = "$(BUILD_DIR)/bin";
				GCC_PRECOMPILE_PREFIX_HEADER = YES;
				GCC_PREFIX_HEADER = "Astran/Astran-Prefix.pch";
				GCC_VERSION = com.apple.compilers.llvmgcc42;
				INFOPLIST_FILE = "Astran copy-Info.plist";
				OTHER_CFLAGS = (
					"-I/usr/local/lib/wx/include/osx_carbon-unicode-2.9",
					"-I/usr/local/include/wx-2.9",
					"-D_FILE_OFFSET_BITS=64",
					"-DWXUSINGDLL",
					"-D__WXMAC__",
					"-D__WXOSX__",
					"-D__WXOSX_CARBON__",
				);
				OTHER_LDFLAGS = (
					"-L/usr/local/lib",
					"-framework",
					IOKit,
					"-framework",
					Carbon,
					"-framework",
					Cocoa,
					"-framework",
					AudioToolbox,
					"-framework",
					System,
					"-framework",
					OpenGL,
					"-framework",
					QuickTime,
					"-lwx_osx_carbonu_xrc-2.9",
					"-lwx_osx_carbonu_html-2.9",
					"-lwx_osx_carbonu_qa-2.9",
					"-lwx_osx_carbonu_adv-2.9",
					"-lwx_osx_carbonu_core-2.9",
					"-lwx_baseu_xml-2.9",
					"-lwx_baseu_net-2.9",
					"-lwx_baseu-2.9",
				);
				PRODUCT_NAME = "Astran copy";
				SYMROOT = ../build;
				WRAPPER_EXTENSION = app;
			};
			name = Debug;
		};
		E6828AED17BEB82A002E35C0 /* Release */ = {
			isa = XCBuildConfiguration;
			buildSettings = {
				ARCHS = "$(ARCHS_STANDARD_32_BIT)";
				CONFIGURATION_BUILD_DIR = "$(BUILD_DIR)/bin";
				GCC_PRECOMPILE_PREFIX_HEADER = YES;
				GCC_PREFIX_HEADER = "Astran/Astran-Prefix.pch";
				GCC_VERSION = com.apple.compilers.llvmgcc42;
				INFOPLIST_FILE = "Astran copy-Info.plist";
				OTHER_CFLAGS = (
					"-I/usr/local/lib/wx/include/osx_carbon-unicode-2.9",
					"-I/usr/local/include/wx-2.9",
					"-D_FILE_OFFSET_BITS=64",
					"-DWXUSINGDLL",
					"-D__WXMAC__",
					"-D__WXOSX__",
					"-D__WXOSX_CARBON__",
				);
				OTHER_LDFLAGS = (
					"-L/usr/local/lib",
					"-framework",
					IOKit,
					"-framework",
					Carbon,
					"-framework",
					Cocoa,
					"-framework",
					AudioToolbox,
					"-framework",
					System,
					"-framework",
					OpenGL,
					"-framework",
					QuickTime,
					"-lwx_osx_carbonu_xrc-2.9",
					"-lwx_osx_carbonu_html-2.9",
					"-lwx_osx_carbonu_qa-2.9",
					"-lwx_osx_carbonu_adv-2.9",
					"-lwx_osx_carbonu_core-2.9",
					"-lwx_baseu_xml-2.9",
					"-lwx_baseu_net-2.9",
					"-lwx_baseu-2.9",
				);
				PRODUCT_NAME = "Astran copy";
				SYMROOT = ../build;
				WRAPPER_EXTENSION = app;
			};
			name = Release;
		};
/* End XCBuildConfiguration section */

/* Begin XCConfigurationList section */
		BC97A4D5178F2B1E0002254A /* Build configuration list for PBXProject "Astran" */ = {
			isa = XCConfigurationList;
			buildConfigurations = (
				BC97A4F7178F2B1E0002254A /* Debug */,
				BC97A4F8178F2B1E0002254A /* Release */,
			);
			defaultConfigurationIsVisible = 0;
			defaultConfigurationName = Release;
		};
		BC97A4F9178F2B1E0002254A /* Build configuration list for PBXNativeTarget "Astran" */ = {
			isa = XCConfigurationList;
			buildConfigurations = (
				BC97A4FA178F2B1E0002254A /* Debug */,
				BC97A4FB178F2B1E0002254A /* Release */,
			);
			defaultConfigurationIsVisible = 0;
			defaultConfigurationName = Release;
		};
		BCC8FEA21811F0AF00A322C9 /* Build configuration list for PBXNativeTarget "Astran Debug" */ = {
			isa = XCConfigurationList;
			buildConfigurations = (
				BCC8FEA31811F0AF00A322C9 /* Debug */,
				BCC8FEA41811F0AF00A322C9 /* Release */,
			);
			defaultConfigurationIsVisible = 0;
			defaultConfigurationName = Release;
		};
		E6828AEB17BEB82A002E35C0 /* Build configuration list for PBXNativeTarget "Astran Lion" */ = {
			isa = XCConfigurationList;
			buildConfigurations = (
				E6828AEC17BEB82A002E35C0 /* Debug */,
				E6828AED17BEB82A002E35C0 /* Release */,
			);
			defaultConfigurationIsVisible = 0;
			defaultConfigurationName = Release;
		};
/* End XCConfigurationList section */
	};
	rootObject = BC97A4D2178F2B1E0002254A /* Project object */;
}
